{
  "nodes": {
    "flake-utils": {
      "locked": {
        "lastModified": 1652776076,
        "narHash": "sha256-gzTw/v1vj4dOVbpBSJX4J0DwUR6LIyXo7/SuuTJp1kM=",
        "owner": "numtide",
        "repo": "flake-utils",
        "rev": "04c1b180862888302ddfb2e3ad9eaa63afc60cf8",
        "type": "github"
      },
      "original": {
        "owner": "numtide",
        "ref": "v1.0.0",
        "repo": "flake-utils",
        "type": "github"
      }
    },
    "llzk-pkgs": {
      "inputs": {
        "flake-utils": "flake-utils",
        "nixpkgs": "nixpkgs"
      },
      "locked": {
        "lastModified": 1761665291,
        "narHash": "sha256-MAoDhmedH/McBpDRGRALMLCC3ZJLjSqlUP1gRx/b+fI=",
        "owner": "Veridise",
        "repo": "llzk-nix-pkgs",
        "rev": "2b32fde32f3f4bc2c985d2e293faa0d60da1eb83",
        "type": "github"
      },
      "original": {
        "owner": "Veridise",
        "repo": "llzk-nix-pkgs",
        "type": "github"
      }
    },
    "nixpkgs": {
      "locked": {
        "lastModified": 1758917213,
        "narHash": "sha256-1oA6zZxSl8F1yCKEWnw8EdE1TGoifTWlwGdfUlAQ5Hs=",
        "owner": "NixOS",
        "repo": "nixpkgs",
        "rev": "1fb3d0b78eb00961e57bf274d980120dd8a48f82",
        "type": "github"
      },
      "original": {
        "owner": "NixOS",
        "repo": "nixpkgs",
        "type": "github"
      }
    },
    "release-helpers": {
      "inputs": {
        "flake-utils": [
          "llzk-pkgs",
          "flake-utils"
        ],
        "nixpkgs": [
          "llzk-pkgs",
          "nixpkgs"
        ]
      },
      "locked": {
        "lastModified": 1747068965,
        "narHash": "sha256-px7s7IVHnR3SiShc7FKCUiL6vfqew5AM6jnkH7qO03I=",
        "owner": "Veridise",
        "repo": "open-source-release-helpers",
        "rev": "c3d1ab6082cc62b167927d074f2836f290b9e3b7",
        "type": "github"
      },
      "original": {
        "owner": "Veridise",
        "repo": "open-source-release-helpers",
        "type": "github"
      }
    },
    "root": {
      "inputs": {
        "flake-utils": [
          "llzk-pkgs",
          "flake-utils"
        ],
        "llzk-pkgs": "llzk-pkgs",
        "nixpkgs": [
          "llzk-pkgs",
          "nixpkgs"
        ],
        "release-helpers": "release-helpers"
      }
    }
  },
  "root": "root",
  "version": 7
}